{
  "projects": [
    {
      "projectId": "rP5KxAshUTdmscUyP4SP8d",
      "version": "latest",
      "dependencies": {},
      "lang": "js",
      "fileLocks": [
        {
          "type": "globalVariant",
          "assetId": "HRdBVtImhJEVC",
          "checksum": "aca731e6cd220a5a0fcb55e7e35c14bb"
        },
        {
          "assetId": "rP5KxAshUTdmscUyP4SP8d",
          "type": "projectCss",
          "checksum": "ea56897eae99ddff4d05ea326b45e53f"
        },
        {
          "type": "renderModule",
          "assetId": "kfCp1CQJ7i0Y",
          "checksum": "41d29b05ba9a49e9808de5652f41b613"
        },
        {
          "type": "cssRules",
          "assetId": "kfCp1CQJ7i0Y",
          "checksum": "41d29b05ba9a49e9808de5652f41b613"
        },
        {
          "type": "renderModule",
          "assetId": "JGQIj-gnzM",
          "checksum": "5c4bab168f850e68f0d0415858fc9011"
        },
        {
          "type": "cssRules",
          "assetId": "JGQIj-gnzM",
          "checksum": "5c4bab168f850e68f0d0415858fc9011"
        },
        {
          "type": "renderModule",
          "assetId": "eOeMAL5zug",
          "checksum": "415a43f3ba7ea6c744a706884784ed24"
        },
        {
          "type": "cssRules",
          "assetId": "eOeMAL5zug",
          "checksum": "415a43f3ba7ea6c744a706884784ed24"
        },
        {
          "type": "icon",
          "assetId": "WTNrqRi8Cw7Ex",
          "checksum": "c848e9c06c2518fc8af7122eac0939b8"
        },
        {
          "type": "icon",
          "assetId": "uDRvZwo4OX7Gz",
          "checksum": "51fb02d74758e7756bfd8c37362a195d"
        },
        {
          "type": "icon",
          "assetId": "981PH2H60W",
          "checksum": "9508b649b991f554333559249b9dd27f"
        },
        {
          "type": "icon",
          "assetId": "rIpgD97efl",
          "checksum": "c23d7ab3f8fb79e8216412cee8dc8925"
        },
        {
          "type": "icon",
          "assetId": "eVNLGivtDEf",
          "checksum": "420bd17836b58079f8430d86e25f4454"
        },
        {
          "type": "icon",
          "assetId": "tDJKTJC5h9n",
          "checksum": "f398ab3ec699ee0309f24a5890cdbdf2"
        },
        {
          "type": "icon",
          "assetId": "8KLuKzsfkWZ",
          "checksum": "10d747366f2bed25653eebf380fb1543"
        },
        {
          "type": "icon",
          "assetId": "NkgIS05FIGe",
          "checksum": "bc074a157db4e696a3f09fbe7a4200cf"
        },
        {
          "type": "icon",
          "assetId": "_eUQgg2O_6j",
          "checksum": "0d561b2819a49a015cca2de1b1d4e4d9"
        },
        {
          "type": "icon",
          "assetId": "iPKdUmkRbS2",
          "checksum": "74804f344e1b3d3def078ac4e09778a9"
        },
        {
          "type": "icon",
          "assetId": "tb9UYpvIEIc",
          "checksum": "316dc38c38408ec9747aff65e1323654"
        },
        {
          "type": "icon",
          "assetId": "hJS4dRoILID",
          "checksum": "f8165b2dca7cdf703b908bf3958205d1"
        },
        {
          "type": "icon",
          "assetId": "wch_SsmVqsb",
          "checksum": "2bfcfbc36b62f3035e45fd72f8117dd8"
        },
        {
          "type": "icon",
          "assetId": "H6gCXU_IPgF",
          "checksum": "17b795caef1c25b4699377c3ac3940e3"
        },
        {
          "type": "icon",
          "assetId": "qtTK3pimrUv",
          "checksum": "d2a3dd94c9f4beccc3515803ed640158"
        },
        {
          "type": "icon",
          "assetId": "MJ8p9CNAvMG",
          "checksum": "e632a283723a1dd35742147a44cec5fd"
        },
        {
          "type": "icon",
          "assetId": "UyQ5SbxiPBn",
          "checksum": "5117c17d830c8ee3f56d0c61a341ee43"
        },
        {
          "type": "icon",
          "assetId": "u42oN_DpQ1E",
          "checksum": "27d5f42dc6169e70408c6f024c8e6772"
        },
        {
          "type": "icon",
          "assetId": "TluvFvO1zpf",
          "checksum": "5f7c0acc3c2f1849d705ee29e03ecfeb"
        },
        {
          "type": "icon",
          "assetId": "zogUEiquWW5",
          "checksum": "704c653e607e9ebd5785acd3e4b77557"
        },
        {
          "type": "icon",
          "assetId": "QIBc0y-xZ-w",
          "checksum": "6d8f8439eeaa859001859a70f838251c"
        },
        {
          "type": "icon",
          "assetId": "uq8PJDUgscy",
          "checksum": "691d40add8226c61eaa302129afc6c7a"
        },
        {
          "type": "icon",
          "assetId": "ZQxdsIMei9z",
          "checksum": "5bad664dead1b1873d2a4fb18f4fa114"
        },
        {
          "type": "icon",
          "assetId": "WhQFNpE-wl6",
          "checksum": "576c4327eb2ae04d1915c1402114b0f0"
        },
        {
          "type": "icon",
          "assetId": "to0oXIMP1Wr",
          "checksum": "e89e225b1ce738b914d064432e27960a"
        },
        {
          "type": "icon",
          "assetId": "XIS9e4V73Eq",
          "checksum": "6a363d6e7f8c8a54f1fb083a6d159443"
        },
        {
          "type": "icon",
          "assetId": "T8Bj-Q2Ft-W",
          "checksum": "66310bf41f7e80d1c15c7038209d7026"
        },
        {
          "type": "icon",
          "assetId": "2ckOBwQOYhs",
          "checksum": "553c78a5d83714ffb1f67016b10c7473"
        },
        {
          "type": "icon",
          "assetId": "nh6vQJ_qafm",
          "checksum": "c1a0afbb8a1ff19b1604835b458c356c"
        },
        {
          "type": "icon",
          "assetId": "a3oPHpybwlBE",
          "checksum": "5e95f2573919d76a5141b4eb61bd6677"
        },
        {
          "type": "icon",
          "assetId": "C_wuweC9py-S",
          "checksum": "c5cdae7289006a9b84e950dc79b0467b"
        },
        {
          "type": "icon",
          "assetId": "_bYTvTCZ82MQ",
          "checksum": "4d21b10ee9b4c4ed1f3f89bfd29f175a"
        },
        {
          "type": "icon",
          "assetId": "My6sTxwvmEDo",
          "checksum": "55e1477f58e1f6dc218fb4bb087c32b1"
        },
        {
          "type": "icon",
          "assetId": "TVrr8-0CNsuQ",
          "checksum": "a7c10e601be7c7feb7f4cacae359186d"
        },
        {
          "type": "icon",
          "assetId": "bZDNWOVZNaKR",
          "checksum": "b78041202e21aacd9244b3d1b551386b"
        },
        {
          "type": "icon",
          "assetId": "QqiBMRi2Qdgn",
          "checksum": "a5e76562238efaf40cea9870e19325f8"
        },
        {
          "type": "icon",
          "assetId": "_VHmgcGQwrYh",
          "checksum": "476a0e35f967aebdcbc28dda34924b5c"
        },
        {
          "type": "icon",
          "assetId": "chtDVW6u1Q",
          "checksum": "b09d3cae1ff069e17f207829e673a472"
        },
        {
          "type": "icon",
          "assetId": "2PZPFt-mor",
          "checksum": "092245bbbf51b41136ede9e0b9395cdd"
        },
        {
          "type": "image",
          "assetId": "eSCM0IyAqrmti",
          "checksum": "e0908f5a3d5e5ae518c80fe5b7e0119c"
        },
        {
          "type": "image",
          "assetId": "v3pU7IXjVB",
          "checksum": "676024004625f330ae7aa85828084aad"
        },
        {
          "type": "image",
          "assetId": "gj5bpFiURo",
          "checksum": "8b8d8e2cba09867671f30b6409612a8d"
        },
        {
          "type": "image",
          "assetId": "rsh_E5276st",
          "checksum": "21fc080315dec7a54652a4da1d2b0208"
        },
        {
          "type": "image",
          "assetId": "LWhwTMZR93Y",
          "checksum": "f3625d97bbb8eae829701ae508f525c4"
        },
        {
          "type": "image",
          "assetId": "wotvJ_TSEhZ",
          "checksum": "0faa671ee220516c8e276b43f7d924be"
        },
        {
          "type": "image",
          "assetId": "0Hsm5FLl98J",
          "checksum": "1d84b5815dcd75a06725f678fd47f541"
        },
        {
          "type": "image",
          "assetId": "HVVvMVoUj0X",
          "checksum": "ddf2308046891636d30542700033a42c"
        },
        {
          "type": "image",
          "assetId": "Gcerb08rVCZ",
          "checksum": "b94683d7c182be52a541ea1e1215ed82"
        },
        {
          "type": "image",
          "assetId": "X48rgBkiU9J",
          "checksum": "1ba634744dc65d71aefbfa2fc1f60209"
        },
        {
          "type": "image",
          "assetId": "Fr-qHvXUNIZ",
          "checksum": "83aa1e6c4a78115d42d3511bb640ec81"
        },
        {
          "type": "image",
          "assetId": "hfcNtBqziZK",
          "checksum": "ad9a28be47c149416e1734f69b2c0fe6"
        },
        {
          "type": "image",
          "assetId": "mVQKpsBeB23",
          "checksum": "8d576988721da8e2ca5ca5ff62f0703e"
        },
        {
          "type": "image",
          "assetId": "nQP0zxHnfwn",
          "checksum": "5214717ac91548ca2c05bf8614a8a0cc"
        },
        {
          "type": "image",
          "assetId": "DTWKj0cPZI4",
          "checksum": "6221ba8e96d08032b8ce47ca2d723341"
        },
        {
          "type": "image",
          "assetId": "KkZEBGYg2S7",
          "checksum": "a7a435fa8ffd5cf8f82ec59e0a7ff263"
        },
        {
          "type": "image",
          "assetId": "X2KySPeYL1t",
          "checksum": "c1f23990c083a84887b5643caab2a98e"
        },
        {
          "type": "image",
          "assetId": "A0woxSnRFyQn",
          "checksum": "2c33c477e4fe98976e9b8ffe255b6bd6"
        },
        {
          "type": "image",
          "assetId": "b44MgNTD8dj3",
          "checksum": "3e49e28fdb3fa585611b016ff614b7ea"
        },
        {
          "type": "image",
          "assetId": "MwLq8qU8xHEy",
          "checksum": "55893b4c87bf4ea4d6d108913b8a66f9"
        },
        {
          "type": "image",
          "assetId": "fjY9bwr8U",
          "checksum": "696c6d74d8bad78b6d3034e1d36d24ec"
        }
      ],
      "codegenVersion": "0.0.1"
    }
  ],
  "cliVersion": "0.1.174"
}
